
Microsoft Visual Studio Solution File, Format Version 12.00
# Visual Studio 2013
VisualStudioVersion = 12.0.21005.1
MinimumVisualStudioVersion = 10.0.40219.1
Project("{8BC9CEB8-8B4A-11D0-8D11-00A0C91BC942}") = "WinsocksServer", "WinsocksApp\WinsocksApp.vcxproj", "{8B2902DF-0D8F-47A9-852C-842ABB68FAD0}"
EndProject
Project("{8BC9CEB8-8B4A-11D0-8D11-00A0C91BC942}") = "WinsocksClient", "WinsocksClient\WinsocksClient.vcxproj", "{92A44C19-ACE3-4DC9-8261-0B8C7EDF52BE}"
EndProject
Global
	GlobalSection(SolutionConfigurationPlatforms) = preSolution
		Debug|Win32 = Debug|Win32
		Release|Win32 = Release|Win32
	EndGlobalSection
	GlobalSection(ProjectConfigurationPlatforms) = postSolution
		{8B2902DF-0D8F-47A9-852C-842ABB68FAD0}.Debug|Win32.ActiveCfg = Debug|Win32
		{8B2902DF-0D8F-47A9-852C-842ABB68FAD0}.Debug|Win32.Build.0 = Debug|Win32
		{8B2902DF-0D8F-47A9-852C-842ABB68FAD0}.Release|Win32.ActiveCfg = Release|Win32
		{8B2902DF-0D8F-47A9-852C-842ABB68FAD0}.Release|Win32.Build.0 = Release|Win32
		{92A44C19-ACE3-4DC9-8261-0B8C7EDF52BE}.Debug|Win32.ActiveCfg = Debug|Win32
		{92A44C19-ACE3-4DC9-8261-0B8C7EDF52BE}.Debug|Win32.Build.0 = Debug|Win32
		{92A44C19-ACE3-4DC9-8261-0B8C7EDF52BE}.Release|Win32.ActiveCfg = Release|Win32
		{92A44C19-ACE3-4DC9-8261-0B8C7EDF52BE}.Release|Win32.Build.0 = Release|Win32
	EndGlobalSection
	GlobalSection(SolutionProperties) = preSolution
		HideSolutionNode = FALSE
	EndGlobalSection
EndGlobal
